
Microsoft Visual Studio Solution File, Format Version 12.00
# Visual Studio Version 16
VisualStudioVersion = 16.0.30621.155
MinimumVisualStudioVersion = 10.0.40219.1
Project("{FAE04EC0-301F-11D3-BF4B-00C04F79EFBC}") = "Delivery Service", "Delivery Service\Delivery Service.csproj", "{514E5181-B4DD-46AC-B1D0-C2536588BC16}"
EndProject
Global
	GlobalSection(SolutionConfigurationPlatforms) = preSolution
		Debug|Any CPU = Debug|Any CPU
		Release|Any CPU = Release|Any CPU
	EndGlobalSection
	GlobalSection(ProjectConfigurationPlatforms) = postSolution
		{514E5181-B4DD-46AC-B1D0-C2536588BC16}.Debug|Any CPU.ActiveCfg = Debug|Any CPU
		{514E5181-B4DD-46AC-B1D0-C2536588BC16}.Debug|Any CPU.Build.0 = Debug|Any CPU
		{514E5181-B4DD-46AC-B1D0-C2536588BC16}.Release|Any CPU.ActiveCfg = Release|Any CPU
		{514E5181-B4DD-46AC-B1D0-C2536588BC16}.Release|Any CPU.Build.0 = Release|Any CPU
	EndGlobalSection
	GlobalSection(SolutionProperties) = preSolution
		HideSolutionNode = FALSE
	EndGlobalSection
	GlobalSection(ExtensibilityGlobals) = postSolution
		SolutionGuid = {6A4B5674-F788-42EE-8B26-670B661FA6EC}
	EndGlobalSection
EndGlobal
